
Microsoft Visual Studio Solution File, Format Version 12.00
# Visual Studio 15
VisualStudioVersion = 15.0.28010.2026
MinimumVisualStudioVersion = 10.0.40219.1
Project("{FAE04EC0-301F-11D3-BF4B-00C04F79EFBC}") = "FormulaireAssociation", "FormulaireAssociation\FormulaireAssociation.csproj", "{987CB363-6873-4FE1-B344-8F82C14EF9FC}"
EndProject
Global
	GlobalSection(SolutionConfigurationPlatforms) = preSolution
		Debug|Any CPU = Debug|Any CPU
		Release|Any CPU = Release|Any CPU
	EndGlobalSection
	GlobalSection(ProjectConfigurationPlatforms) = postSolution
		{987CB363-6873-4FE1-B344-8F82C14EF9FC}.Debug|Any CPU.ActiveCfg = Debug|Any CPU
		{987CB363-6873-4FE1-B344-8F82C14EF9FC}.Debug|Any CPU.Build.0 = Debug|Any CPU
		{987CB363-6873-4FE1-B344-8F82C14EF9FC}.Release|Any CPU.ActiveCfg = Release|Any CPU
		{987CB363-6873-4FE1-B344-8F82C14EF9FC}.Release|Any CPU.Build.0 = Release|Any CPU
	EndGlobalSection
	GlobalSection(SolutionProperties) = preSolution
		HideSolutionNode = FALSE
	EndGlobalSection
	GlobalSection(ExtensibilityGlobals) = postSolution
		SolutionGuid = {0F5B0149-6B14-4CAD-B253-6A01F180BDD8}
	EndGlobalSection
EndGlobal
